
Microsoft Visual Studio Solution File, Format Version 12.00
# Visual Studio 15
VisualStudioVersion = 15.0.28307.421
MinimumVisualStudioVersion = 10.0.40219.1
Project("{FAE04EC0-301F-11D3-BF4B-00C04F79EFBC}") = "SillyRabbit", "SillyRabbit\SillyRabbit.csproj", "{AED91C39-E2D4-4D13-93EA-B24A9D329BA6}"
EndProject
Project("{FAE04EC0-301F-11D3-BF4B-00C04F79EFBC}") = "MyObjects", "MyObjects\MyObjects.csproj", "{A209FE12-12FE-4D55-8FFD-185B54DB87BD}"
EndProject
Global
	GlobalSection(SolutionConfigurationPlatforms) = preSolution
		Debug|Any CPU = Debug|Any CPU
		Release|Any CPU = Release|Any CPU
	EndGlobalSection
	GlobalSection(ProjectConfigurationPlatforms) = postSolution
		{AED91C39-E2D4-4D13-93EA-B24A9D329BA6}.Debug|Any CPU.ActiveCfg = Debug|Any CPU
		{AED91C39-E2D4-4D13-93EA-B24A9D329BA6}.Debug|Any CPU.Build.0 = Debug|Any CPU
		{AED91C39-E2D4-4D13-93EA-B24A9D329BA6}.Release|Any CPU.ActiveCfg = Release|Any CPU
		{AED91C39-E2D4-4D13-93EA-B24A9D329BA6}.Release|Any CPU.Build.0 = Release|Any CPU
		{A209FE12-12FE-4D55-8FFD-185B54DB87BD}.Debug|Any CPU.ActiveCfg = Debug|Any CPU
		{A209FE12-12FE-4D55-8FFD-185B54DB87BD}.Debug|Any CPU.Build.0 = Debug|Any CPU
		{A209FE12-12FE-4D55-8FFD-185B54DB87BD}.Release|Any CPU.ActiveCfg = Release|Any CPU
		{A209FE12-12FE-4D55-8FFD-185B54DB87BD}.Release|Any CPU.Build.0 = Release|Any CPU
	EndGlobalSection
	GlobalSection(SolutionProperties) = preSolution
		HideSolutionNode = FALSE
	EndGlobalSection
	GlobalSection(ExtensibilityGlobals) = postSolution
		SolutionGuid = {B089351F-BD08-4C8D-B2CF-47F330F437D1}
	EndGlobalSection
EndGlobal
